{
  "meteor": {},
  "dependencies": {
    "basePackages": {
      "scss": {},
      "bootstrap-3": {},
      "lightbox2": {},
      "toastjs": {},
      "roles": {}
    },
    "packages": {
      "scss": {
        "git": "https://github.com/fourseven/meteor-scss.git",
        "tag": "v0.7.0",
        "commit": "39f60d58c2b890bdd897ef52188644f3093fc2ac"
      },
      "bootstrap-3": {
        "git": "https://github.com/mangasocial/meteor-bootstrap-3.git",
        "tag": "v0.3.7",
        "commit": "5dd0d142c870647b910be80bc777b96f0dd45e5e"
      },
      "lightbox2": {
        "git": "https://github.com/wulx/meteor-lightbox2.git",
        "tag": "v0.0.1",
        "commit": "2ddc8f33e47d0790a1ee28177feb9a1f3dabda00"
      },
      "toastjs": {
        "git": "https://github.com/srackham/toast.js.git",
        "tag": "v2.0.6",
        "commit": "a81915d9df2f432486ac6ce8d6981419119e7007"
      },
      "roles": {
        "git": "https://github.com/alanning/meteor-roles.git",
        "tag": "v1.1.1",
        "commit": "b6080b89885c02af228c62576f5ba48b95f715c6"
      }
    }
  }
}
