{
  "meteor": {},
  "dependencies": {
    "basePackages": {
      "scss": {},
      "bootstrap-3": {},
      "lightbox2": {},
      "toastjs": {},
      "roles": {},
      "external-file-loader": {},
      "iron-router": {}
    },
    "packages": {
      "scss": {
        "git": "https://github.com/fourseven/meteor-scss.git",
        "tag": "v0.7.0",
        "commit": "39f60d58c2b890bdd897ef52188644f3093fc2ac"
      },
      "bootstrap-3": {
        "git": "https://github.com/mangasocial/meteor-bootstrap-3.git",
        "tag": "v0.3.7",
        "commit": "5dd0d142c870647b910be80bc777b96f0dd45e5e"
      },
      "lightbox2": {
        "git": "https://github.com/wulx/meteor-lightbox2.git",
        "tag": "v0.0.1",
        "commit": "2ddc8f33e47d0790a1ee28177feb9a1f3dabda00"
      },
      "toastjs": {
        "git": "https://github.com/srackham/toast.js.git",
        "tag": "v2.0.6",
        "commit": "a81915d9df2f432486ac6ce8d6981419119e7007"
      },
      "roles": {
        "git": "https://github.com/alanning/meteor-roles.git",
        "tag": "v1.2.6",
        "commit": "f2a9058281f8f2fe028767841d7445aadd6893cf"
      },
      "external-file-loader": {
        "git": "https://github.com/davidd8/meteor-external-file-loader.git",
        "tag": "v0.1.4",
        "commit": "352694a7cf906b8241161c2fd1435161c1d5409f"
      },
      "iron-router": {
        "git": "https://github.com/EventedMind/iron-router.git",
        "tag": "v0.6.1",
        "commit": "4e1ee0581d68bff422a915dacb0bd30eae10fe08"
      }
    }
  }
}
